
Microsoft Visual Studio Solution File, Format Version 12.00
# Visual Studio Version 17
VisualStudioVersion = 17.6.33829.357
MinimumVisualStudioVersion = 10.0.40219.1
Project("{FAE04EC0-301F-11D3-BF4B-00C04F79EFBC}") = "RealEstate_Dapper_Api", "RealEstate_Dapper_Api\RealEstate_Dapper_Api.csproj", "{CE2CEF75-068C-4158-94CC-4DA3A79256EA}"
EndProject
Project("{FAE04EC0-301F-11D3-BF4B-00C04F79EFBC}") = "RealEstate_Dapper_UI", "RealEstate_Dapper_UI\RealEstate_Dapper_UI.csproj", "{662ABE64-3C98-40E7-8067-7CD2E055A143}"
EndProject
Global
	GlobalSection(SolutionConfigurationPlatforms) = preSolution
		Debug|Any CPU = Debug|Any CPU
		Release|Any CPU = Release|Any CPU
	EndGlobalSection
	GlobalSection(ProjectConfigurationPlatforms) = postSolution
		{CE2CEF75-068C-4158-94CC-4DA3A79256EA}.Debug|Any CPU.ActiveCfg = Debug|Any CPU
		{CE2CEF75-068C-4158-94CC-4DA3A79256EA}.Debug|Any CPU.Build.0 = Debug|Any CPU
		{CE2CEF75-068C-4158-94CC-4DA3A79256EA}.Release|Any CPU.ActiveCfg = Release|Any CPU
		{CE2CEF75-068C-4158-94CC-4DA3A79256EA}.Release|Any CPU.Build.0 = Release|Any CPU
		{662ABE64-3C98-40E7-8067-7CD2E055A143}.Debug|Any CPU.ActiveCfg = Debug|Any CPU
		{662ABE64-3C98-40E7-8067-7CD2E055A143}.Debug|Any CPU.Build.0 = Debug|Any CPU
		{662ABE64-3C98-40E7-8067-7CD2E055A143}.Release|Any CPU.ActiveCfg = Release|Any CPU
		{662ABE64-3C98-40E7-8067-7CD2E055A143}.Release|Any CPU.Build.0 = Release|Any CPU
	EndGlobalSection
	GlobalSection(SolutionProperties) = preSolution
		HideSolutionNode = FALSE
	EndGlobalSection
	GlobalSection(ExtensibilityGlobals) = postSolution
		SolutionGuid = {B2BC25C4-1116-4904-B060-CB2AA2B1500B}
	EndGlobalSection
EndGlobal
